// !$*UTF8*$!
{
	archiveVersion = 1;
	classes = {
	};
	objectVersion = 46;
	objects = {

/* Begin PBXBuildFile section */
		54EA731E19D74A490092ADA2 /* AppDelegate.swift in Sources */ = {isa = PBXBuildFile; fileRef = 54EA731D19D74A490092ADA2 /* AppDelegate.swift */; };
		54EA732019D74A490092ADA2 /* RootViewController.swift in Sources */ = {isa = PBXBuildFile; fileRef = 54EA731F19D74A490092ADA2 /* RootViewController.swift */; };
		54EA732219D74A490092ADA2 /* DataViewController.swift in Sources */ = {isa = PBXBuildFile; fileRef = 54EA732119D74A490092ADA2 /* DataViewController.swift */; };
		54EA732419D74A490092ADA2 /* ModelController.swift in Sources */ = {isa = PBXBuildFile; fileRef = 54EA732319D74A490092ADA2 /* ModelController.swift */; };
		54EA732719D74A490092ADA2 /* Main.storyboard in Resources */ = {isa = PBXBuildFile; fileRef = 54EA732519D74A490092ADA2 /* Main.storyboard */; };
		54EA732919D74A490092ADA2 /* Images.xcassets in Resources */ = {isa = PBXBuildFile; fileRef = 54EA732819D74A490092ADA2 /* Images.xcassets */; };
		54EA732C19D74A490092ADA2 /* LaunchScreen.xib in Resources */ = {isa = PBXBuildFile; fileRef = 54EA732A19D74A490092ADA2 /* LaunchScreen.xib */; };
		54EA733819D74A490092ADA2 /* The_Best_Chocolate_Chip_CookiesTests.swift in Sources */ = {isa = PBXBuildFile; fileRef = 54EA733719D74A490092ADA2 /* The_Best_Chocolate_Chip_CookiesTests.swift */; };
/* End PBXBuildFile section */

/* Begin PBXContainerItemProxy section */
		54EA733219D74A490092ADA2 /* PBXContainerItemProxy */ = {
			isa = PBXContainerItemProxy;
			containerPortal = 54EA731019D74A490092ADA2 /* Project object */;
			proxyType = 1;
			remoteGlobalIDString = 54EA731719D74A490092ADA2;
			remoteInfo = "The Best Chocolate Chip Cookies";
		};
/* End PBXContainerItemProxy section */

/* Begin PBXFileReference section */
		54EA731819D74A490092ADA2 /* The Best Chocolate Chip Cookies.app */ = {isa = PBXFileReference; explicitFileType = wrapper.application; includeInIndex = 0; path = "The Best Chocolate Chip Cookies.app"; sourceTree = BUILT_PRODUCTS_DIR; };
		54EA731C19D74A490092ADA2 /* Info.plist */ = {isa = PBXFileReference; lastKnownFileType = text.plist.xml; path = Info.plist; sourceTree = "<group>"; };
		54EA731D19D74A490092ADA2 /* AppDelegate.swift */ = {isa = PBXFileReference; lastKnownFileType = sourcecode.swift; path = AppDelegate.swift; sourceTree = "<group>"; };
		54EA731F19D74A490092ADA2 /* RootViewController.swift */ = {isa = PBXFileReference; lastKnownFileType = sourcecode.swift; path = RootViewController.swift; sourceTree = "<group>"; };
		54EA732119D74A490092ADA2 /* DataViewController.swift */ = {isa = PBXFileReference; lastKnownFileType = sourcecode.swift; path = DataViewController.swift; sourceTree = "<group>"; };
		54EA732319D74A490092ADA2 /* ModelController.swift */ = {isa = PBXFileReference; lastKnownFileType = sourcecode.swift; path = ModelController.swift; sourceTree = "<group>"; };
		54EA732619D74A490092ADA2 /* Base */ = {isa = PBXFileReference; lastKnownFileType = file.storyboard; name = Base; path = Base.lproj/Main.storyboard; sourceTree = "<group>"; };
		54EA732819D74A490092ADA2 /* Images.xcassets */ = {isa = PBXFileReference; lastKnownFileType = folder.assetcatalog; path = Images.xcassets; sourceTree = "<group>"; };
		54EA732B19D74A490092ADA2 /* Base */ = {isa = PBXFileReference; lastKnownFileType = file.xib; name = Base; path = Base.lproj/LaunchScreen.xib; sourceTree = "<group>"; };
		54EA733119D74A490092ADA2 /* The Best Chocolate Chip CookiesTests.xctest */ = {isa = PBXFileReference; explicitFileType = wrapper.cfbundle; includeInIndex = 0; path = "The Best Chocolate Chip CookiesTests.xctest"; sourceTree = BUILT_PRODUCTS_DIR; };
		54EA733619D74A490092ADA2 /* Info.plist */ = {isa = PBXFileReference; lastKnownFileType = text.plist.xml; path = Info.plist; sourceTree = "<group>"; };
		54EA733719D74A490092ADA2 /* The_Best_Chocolate_Chip_CookiesTests.swift */ = {isa = PBXFileReference; lastKnownFileType = sourcecode.swift; path = The_Best_Chocolate_Chip_CookiesTests.swift; sourceTree = "<group>"; };
/* End PBXFileReference section */

/* Begin PBXFrameworksBuildPhase section */
		54EA731519D74A490092ADA2 /* Frameworks */ = {
			isa = PBXFrameworksBuildPhase;
			buildActionMask = 2147483647;
			files = (
			);
			runOnlyForDeploymentPostprocessing = 0;
		};
		54EA732E19D74A490092ADA2 /* Frameworks */ = {
			isa = PBXFrameworksBuildPhase;
			buildActionMask = 2147483647;
			files = (
			);
			runOnlyForDeploymentPostprocessing = 0;
		};
/* End PBXFrameworksBuildPhase section */

/* Begin PBXGroup section */
		54EA730F19D74A490092ADA2 = {
			isa = PBXGroup;
			children = (
				54EA731A19D74A490092ADA2 /* The Best Chocolate Chip Cookies */,
				54EA733419D74A490092ADA2 /* The Best Chocolate Chip CookiesTests */,
				54EA731919D74A490092ADA2 /* Products */,
			);
			sourceTree = "<group>";
		};
		54EA731919D74A490092ADA2 /* Products */ = {
			isa = PBXGroup;
			children = (
				54EA731819D74A490092ADA2 /* The Best Chocolate Chip Cookies.app */,
				54EA733119D74A490092ADA2 /* The Best Chocolate Chip CookiesTests.xctest */,
			);
			name = Products;
			sourceTree = "<group>";
		};
		54EA731A19D74A490092ADA2 /* The Best Chocolate Chip Cookies */ = {
			isa = PBXGroup;
			children = (
				54EA731D19D74A490092ADA2 /* AppDelegate.swift */,
				54EA731F19D74A490092ADA2 /* RootViewController.swift */,
				54EA732119D74A490092ADA2 /* DataViewController.swift */,
				54EA732319D74A490092ADA2 /* ModelController.swift */,
				54EA732519D74A490092ADA2 /* Main.storyboard */,
				54EA732819D74A490092ADA2 /* Images.xcassets */,
				54EA732A19D74A490092ADA2 /* LaunchScreen.xib */,
				54EA731B19D74A490092ADA2 /* Supporting Files */,
			);
			path = "The Best Chocolate Chip Cookies";
			sourceTree = "<group>";
		};
		54EA731B19D74A490092ADA2 /* Supporting Files */ = {
			isa = PBXGroup;
			children = (
				54EA731C19D74A490092ADA2 /* Info.plist */,
			);
			name = "Supporting Files";
			sourceTree = "<group>";
		};
		54EA733419D74A490092ADA2 /* The Best Chocolate Chip CookiesTests */ = {
			isa = PBXGroup;
			children = (
				54EA733719D74A490092ADA2 /* The_Best_Chocolate_Chip_CookiesTests.swift */,
				54EA733519D74A490092ADA2 /* Supporting Files */,
			);
			path = "The Best Chocolate Chip CookiesTests";
			sourceTree = "<group>";
		};
		54EA733519D74A490092ADA2 /* Supporting Files */ = {
			isa = PBXGroup;
			children = (
				54EA733619D74A490092ADA2 /* Info.plist */,
			);
			name = "Supporting Files";
			sourceTree = "<group>";
		};
/* End PBXGroup section */

/* Begin PBXNativeTarget section */
		54EA731719D74A490092ADA2 /* The Best Chocolate Chip Cookies */ = {
			isa = PBXNativeTarget;
			buildConfigurationList = 54EA733B19D74A490092ADA2 /* Build configuration list for PBXNativeTarget "The Best Chocolate Chip Cookies" */;
			buildPhases = (
				54EA731419D74A490092ADA2 /* Sources */,
				54EA731519D74A490092ADA2 /* Frameworks */,
				54EA731619D74A490092ADA2 /* Resources */,
			);
			buildRules = (
			);
			dependencies = (
			);
			name = "The Best Chocolate Chip Cookies";
			productName = "The Best Chocolate Chip Cookies";
			productReference = 54EA731819D74A490092ADA2 /* The Best Chocolate Chip Cookies.app */;
			productType = "com.apple.product-type.application";
		};
		54EA733019D74A490092ADA2 /* The Best Chocolate Chip CookiesTests */ = {
			isa = PBXNativeTarget;
			buildConfigurationList = 54EA733E19D74A490092ADA2 /* Build configuration list for PBXNativeTarget "The Best Chocolate Chip CookiesTests" */;
			buildPhases = (
				54EA732D19D74A490092ADA2 /* Sources */,
				54EA732E19D74A490092ADA2 /* Frameworks */,
				54EA732F19D74A490092ADA2 /* Resources */,
			);
			buildRules = (
			);
			dependencies = (
				54EA733319D74A490092ADA2 /* PBXTargetDependency */,
			);
			name = "The Best Chocolate Chip CookiesTests";
			productName = "The Best Chocolate Chip CookiesTests";
			productReference = 54EA733119D74A490092ADA2 /* The Best Chocolate Chip CookiesTests.xctest */;
			productType = "com.apple.product-type.bundle.unit-test";
		};
/* End PBXNativeTarget section */

/* Begin PBXProject section */
		54EA731019D74A490092ADA2 /* Project object */ = {
			isa = PBXProject;
			attributes = {
				LastUpgradeCheck = 0600;
				ORGANIZATIONNAME = MoogleCookers;
				TargetAttributes = {
					54EA731719D74A490092ADA2 = {
						CreatedOnToolsVersion = 6.1;
					};
					54EA733019D74A490092ADA2 = {
						CreatedOnToolsVersion = 6.1;
						TestTargetID = 54EA731719D74A490092ADA2;
					};
				};
			};
			buildConfigurationList = 54EA731319D74A490092ADA2 /* Build configuration list for PBXProject "The Best Chocolate Chip Cookies" */;
			compatibilityVersion = "Xcode 3.2";
			developmentRegion = English;
			hasScannedForEncodings = 0;
			knownRegions = (
				en,
				Base,
			);
			mainGroup = 54EA730F19D74A490092ADA2;
			productRefGroup = 54EA731919D74A490092ADA2 /* Products */;
			projectDirPath = "";
			projectRoot = "";
			targets = (
				54EA731719D74A490092ADA2 /* The Best Chocolate Chip Cookies */,
				54EA733019D74A490092ADA2 /* The Best Chocolate Chip CookiesTests */,
			);
		};
/* End PBXProject section */

/* Begin PBXResourcesBuildPhase section */
		54EA731619D74A490092ADA2 /* Resources */ = {
			isa = PBXResourcesBuildPhase;
			buildActionMask = 2147483647;
			files = (
				54EA732719D74A490092ADA2 /* Main.storyboard in Resources */,
				54EA732C19D74A490092ADA2 /* LaunchScreen.xib in Resources */,
				54EA732919D74A490092ADA2 /* Images.xcassets in Resources */,
			);
			runOnlyForDeploymentPostprocessing = 0;
		};
		54EA732F19D74A490092ADA2 /* Resources */ = {
			isa = PBXResourcesBuildPhase;
			buildActionMask = 2147483647;
			files = (
			);
			runOnlyForDeploymentPostprocessing = 0;
		};
/* End PBXResourcesBuildPhase section */

/* Begin PBXSourcesBuildPhase section */
		54EA731419D74A490092ADA2 /* Sources */ = {
			isa = PBXSourcesBuildPhase;
			buildActionMask = 2147483647;
			files = (
				54EA732019D74A490092ADA2 /* RootViewController.swift in Sources */,
				54EA732419D74A490092ADA2 /* ModelController.swift in Sources */,
				54EA732219D74A490092ADA2 /* DataViewController.swift in Sources */,
				54EA731E19D74A490092ADA2 /* AppDelegate.swift in Sources */,
			);
			runOnlyForDeploymentPostprocessing = 0;
		};
		54EA732D19D74A490092ADA2 /* Sources */ = {
			isa = PBXSourcesBuildPhase;
			buildActionMask = 2147483647;
			files = (
				54EA733819D74A490092ADA2 /* The_Best_Chocolate_Chip_CookiesTests.swift in Sources */,
			);
			runOnlyForDeploymentPostprocessing = 0;
		};
/* End PBXSourcesBuildPhase section */

/* Begin PBXTargetDependency section */
		54EA733319D74A490092ADA2 /* PBXTargetDependency */ = {
			isa = PBXTargetDependency;
			target = 54EA731719D74A490092ADA2 /* The Best Chocolate Chip Cookies */;
			targetProxy = 54EA733219D74A490092ADA2 /* PBXContainerItemProxy */;
		};
/* End PBXTargetDependency section */

/* Begin PBXVariantGroup section */
		54EA732519D74A490092ADA2 /* Main.storyboard */ = {
			isa = PBXVariantGroup;
			children = (
				54EA732619D74A490092ADA2 /* Base */,
			);
			name = Main.storyboard;
			sourceTree = "<group>";
		};
		54EA732A19D74A490092ADA2 /* LaunchScreen.xib */ = {
			isa = PBXVariantGroup;
			children = (
				54EA732B19D74A490092ADA2 /* Base */,
			);
			name = LaunchScreen.xib;
			sourceTree = "<group>";
		};
/* End PBXVariantGroup section */

/* Begin XCBuildConfiguration section */
		54EA733919D74A490092ADA2 /* Debug */ = {
			isa = XCBuildConfiguration;
			buildSettings = {
				ALWAYS_SEARCH_USER_PATHS = NO;
				CLANG_CXX_LANGUAGE_STANDARD = "gnu++0x";
				CLANG_CXX_LIBRARY = "libc++";
				CLANG_ENABLE_MODULES = YES;
				CLANG_ENABLE_OBJC_ARC = YES;
				CLANG_WARN_BOOL_CONVERSION = YES;
				CLANG_WARN_CONSTANT_CONVERSION = YES;
				CLANG_WARN_DIRECT_OBJC_ISA_USAGE = YES_ERROR;
				CLANG_WARN_EMPTY_BODY = YES;
				CLANG_WARN_ENUM_CONVERSION = YES;
				CLANG_WARN_INT_CONVERSION = YES;
				CLANG_WARN_OBJC_ROOT_CLASS = YES_ERROR;
				CLANG_WARN_UNREACHABLE_CODE = YES;
				CLANG_WARN__DUPLICATE_METHOD_MATCH = YES;
				"CODE_SIGN_IDENTITY[sdk=iphoneos*]" = "iPhone Developer";
				COPY_PHASE_STRIP = NO;
				ENABLE_STRICT_OBJC_MSGSEND = YES;
				GCC_C_LANGUAGE_STANDARD = gnu99;
				GCC_DYNAMIC_NO_PIC = NO;
				GCC_OPTIMIZATION_LEVEL = 0;
				GCC_PREPROCESSOR_DEFINITIONS = (
					"DEBUG=1",
					"$(inherited)",
				);
				GCC_SYMBOLS_PRIVATE_EXTERN = NO;
				GCC_WARN_64_TO_32_BIT_CONVERSION = YES;
				GCC_WARN_ABOUT_RETURN_TYPE = YES_ERROR;
				GCC_WARN_UNDECLARED_SELECTOR = YES;
				GCC_WARN_UNINITIALIZED_AUTOS = YES_AGGRESSIVE;
				GCC_WARN_UNUSED_FUNCTION = YES;
				GCC_WARN_UNUSED_VARIABLE = YES;
				IPHONEOS_DEPLOYMENT_TARGET = 8.0;
				MTL_ENABLE_DEBUG_INFO = YES;
				ONLY_ACTIVE_ARCH = YES;
				SDKROOT = iphoneos;
				SWIFT_OPTIMIZATION_LEVEL = "-Onone";
				TARGETED_DEVICE_FAMILY = 2;
			};
			name = Debug;
		};
		54EA733A19D74A490092ADA2 /* Release */ = {
			isa = XCBuildConfiguration;
			buildSettings = {
				ALWAYS_SEARCH_USER_PATHS = NO;
				CLANG_CXX_LANGUAGE_STANDARD = "gnu++0x";
				CLANG_CXX_LIBRARY = "libc++";
				CLANG_ENABLE_MODULES = YES;
				CLANG_ENABLE_OBJC_ARC = YES;
				CLANG_WARN_BOOL_CONVERSION = YES;
				CLANG_WARN_CONSTANT_CONVERSION = YES;
				CLANG_WARN_DIRECT_OBJC_ISA_USAGE = YES_ERROR;
				CLANG_WARN_EMPTY_BODY = YES;
				CLANG_WARN_ENUM_CONVERSION = YES;
				CLANG_WARN_INT_CONVERSION = YES;
				CLANG_WARN_OBJC_ROOT_CLASS = YES_ERROR;
				CLANG_WARN_UNREACHABLE_CODE = YES;
				CLANG_WARN__DUPLICATE_METHOD_MATCH = YES;
				"CODE_SIGN_IDENTITY[sdk=iphoneos*]" = "iPhone Developer";
				COPY_PHASE_STRIP = YES;
				ENABLE_NS_ASSERTIONS = NO;
				ENABLE_STRICT_OBJC_MSGSEND = YES;
				GCC_C_LANGUAGE_STANDARD = gnu99;
				GCC_WARN_64_TO_32_BIT_CONVERSION = YES;
				GCC_WARN_ABOUT_RETURN_TYPE = YES_ERROR;
				GCC_WARN_UNDECLARED_SELECTOR = YES;
				GCC_WARN_UNINITIALIZED_AUTOS = YES_AGGRESSIVE;
				GCC_WARN_UNUSED_FUNCTION = YES;
				GCC_WARN_UNUSED_VARIABLE = YES;
				IPHONEOS_DEPLOYMENT_TARGET = 8.0;
				MTL_ENABLE_DEBUG_INFO = NO;
				SDKROOT = iphoneos;
				TARGETED_DEVICE_FAMILY = 2;
				VALIDATE_PRODUCT = YES;
			};
			name = Release;
		};
		54EA733C19D74A490092ADA2 /* Debug */ = {
			isa = XCBuildConfiguration;
			buildSettings = {
				ASSETCATALOG_COMPILER_APPICON_NAME = AppIcon;
				INFOPLIST_FILE = "The Best Chocolate Chip Cookies/Info.plist";
				LD_RUNPATH_SEARCH_PATHS = "$(inherited) @executable_path/Frameworks";
				PRODUCT_NAME = "$(TARGET_NAME)";
			};
			name = Debug;
		};
		54EA733D19D74A490092ADA2 /* Release */ = {
			isa = XCBuildConfiguration;
			buildSettings = {
				ASSETCATALOG_COMPILER_APPICON_NAME = AppIcon;
				INFOPLIST_FILE = "The Best Chocolate Chip Cookies/Info.plist";
				LD_RUNPATH_SEARCH_PATHS = "$(inherited) @executable_path/Frameworks";
				PRODUCT_NAME = "$(TARGET_NAME)";
			};
			name = Release;
		};
		54EA733F19D74A490092ADA2 /* Debug */ = {
			isa = XCBuildConfiguration;
			buildSettings = {
				BUNDLE_LOADER = "$(TEST_HOST)";
				FRAMEWORK_SEARCH_PATHS = (
					"$(SDKROOT)/Developer/Library/Frameworks",
					"$(inherited)",
				);
				GCC_PREPROCESSOR_DEFINITIONS = (
					"DEBUG=1",
					"$(inherited)",
				);
				INFOPLIST_FILE = "The Best Chocolate Chip CookiesTests/Info.plist";
				LD_RUNPATH_SEARCH_PATHS = "$(inherited) @executable_path/Frameworks @loader_path/Frameworks";
				PRODUCT_NAME = "$(TARGET_NAME)";
				TEST_HOST = "$(BUILT_PRODUCTS_DIR)/The Best Chocolate Chip Cookies.app/The Best Chocolate Chip Cookies";
			};
			name = Debug;
		};
		54EA734019D74A490092ADA2 /* Release */ = {
			isa = XCBuildConfiguration;
			buildSettings = {
				BUNDLE_LOADER = "$(TEST_HOST)";
				FRAMEWORK_SEARCH_PATHS = (
					"$(SDKROOT)/Developer/Library/Frameworks",
					"$(inherited)",
				);
				INFOPLIST_FILE = "The Best Chocolate Chip CookiesTests/Info.plist";
				LD_RUNPATH_SEARCH_PATHS = "$(inherited) @executable_path/Frameworks @loader_path/Frameworks";
				PRODUCT_NAME = "$(TARGET_NAME)";
				TEST_HOST = "$(BUILT_PRODUCTS_DIR)/The Best Chocolate Chip Cookies.app/The Best Chocolate Chip Cookies";
			};
			name = Release;
		};
/* End XCBuildConfiguration section */

/* Begin XCConfigurationList section */
		54EA731319D74A490092ADA2 /* Build configuration list for PBXProject "The Best Chocolate Chip Cookies" */ = {
			isa = XCConfigurationList;
			buildConfigurations = (
				54EA733919D74A490092ADA2 /* Debug */,
				54EA733A19D74A490092ADA2 /* Release */,
			);
			defaultConfigurationIsVisible = 0;
			defaultConfigurationName = Release;
		};
		54EA733B19D74A490092ADA2 /* Build configuration list for PBXNativeTarget "The Best Chocolate Chip Cookies" */ = {
			isa = XCConfigurationList;
			buildConfigurations = (
				54EA733C19D74A490092ADA2 /* Debug */,
				54EA733D19D74A490092ADA2 /* Release */,
			);
			defaultConfigurationIsVisible = 0;
		};
		54EA733E19D74A490092ADA2 /* Build configuration list for PBXNativeTarget "The Best Chocolate Chip CookiesTests" */ = {
			isa = XCConfigurationList;
			buildConfigurations = (
				54EA733F19D74A490092ADA2 /* Debug */,
				54EA734019D74A490092ADA2 /* Release */,
			);
			defaultConfigurationIsVisible = 0;
		};
/* End XCConfigurationList section */
	};
	rootObject = 54EA731019D74A490092ADA2 /* Project object */;
}
